# This file is @generated by PDM.
# It is not intended for manual editing.

[metadata]
groups = ["default"]
strategy = ["inherit_metadata"]
lock_version = "4.5.0"
content_hash = "sha256:a47597be6b5db09dde0dd7541b78a663b7ddb367a536ff4710386be677668b3f"

[[metadata.targets]]
requires_python = ">=3.10"

[[package]]
name = "termcolor"
version = "2.3.0"
requires_python = ">=3.7"
summary = "ANSI color formatting for output in terminal"
groups = ["default"]
files = [
    {file = "termcolor-2.3.0-py3-none-any.whl", hash = "sha256:3afb05607b89aed0ffe25202399ee0867ad4d3cb4180d98aaf8eefa6a5f7d475"},
    {file = "termcolor-2.3.0.tar.gz", hash = "sha256:b5b08f68937f138fe92f6c089b99f1e2da0ae56c52b78bf7075fd95420fd9a5a"},
]

[[package]]
name = "tree-sitter"
version = "0.20.1"
requires_python = ">=3.3"
summary = "Python bindings to the Tree-sitter parsing library"
groups = ["default"]
files = [
    {file = "tree_sitter-0.20.1.tar.gz", hash = "sha256:e93f082c545d6649bcfb5d681ed255eb004a6ce22988971a128f40692feec60d"},
]

[[package]]
name = "tree-sitter-python"
version = "0.21.0"
requires_python = ">=3.8"
summary = "Python grammar for tree-sitter"
groups = ["default"]
files = [
    {file = "tree_sitter_python-0.21.0-cp38-abi3-macosx_10_9_x86_64.whl", hash = "sha256:29e3addfabdaa88fa2aaaa2426d8ff12f0a0346c46b10dd5a76424355e5fa3cc"},
    {file = "tree_sitter_python-0.21.0-cp38-abi3-manylinux_2_5_i686.manylinux1_i686.manylinux_2_17_i686.manylinux2014_i686.whl", hash = "sha256:4b40e71ebd41046ca4fcde78b734e86f0b3f77055f51f1cac6e2662c37ec0520"},
    {file = "tree_sitter_python-0.21.0-cp38-abi3-manylinux_2_5_x86_64.manylinux1_x86_64.manylinux_2_17_x86_64.manylinux2014_x86_64.whl", hash = "sha256:cda4e742627724eabed95e06ca67b640f8b31e86e776905afc396c928082f032"},
    {file = "tree_sitter_python-0.21.0-cp38-abi3-musllinux_1_1_i686.whl", hash = "sha256:df142d166aa6b575fdb0726a64d56cb1d8cb7a3ad5377eb5fa90557ffe4caffe"},
    {file = "tree_sitter_python-0.21.0-cp38-abi3-musllinux_1_1_x86_64.whl", hash = "sha256:23a0cf850788c990436704837e6125cbf6535fe5a5729b9a84846fc254e915c7"},
    {file = "tree_sitter_python-0.21.0-cp38-abi3-win32.whl", hash = "sha256:86dce33757fa8d420d1c9089280d352507a7b9601b26732c73b77e9d0ddd8604"},
    {file = "tree_sitter_python-0.21.0-cp38-abi3-win_amd64.whl", hash = "sha256:86b5c81b00f07b9cdc87e4fade0497c0af7b95365908608e31070668564b02e7"},
]

[[package]]
name = "tree-sitter-rust"
version = "0.21.2"
requires_python = ">=3.8"
summary = "Rust grammar for tree-sitter"
groups = ["default"]
files = [
    {file = "tree_sitter_rust-0.21.2-cp38-abi3-macosx_10_9_x86_64.whl", hash = "sha256:483591f17117fe802aa679fc058937be025b76a89bf17a82ccb462ce032c143e"},
    {file = "tree_sitter_rust-0.21.2-cp38-abi3-macosx_11_0_arm64.whl", hash = "sha256:635b3781a9c44211b49950feabd081f3096dbd55b1f50fe7451a7f46d6d28f81"},
    {file = "tree_sitter_rust-0.21.2-cp38-abi3-manylinux_2_17_aarch64.manylinux2014_aarch64.whl", hash = "sha256:50f2ec41d8c1beda3c2d2765083d02c16f29bfab9d6269ac1387fa40f017f3b0"},
    {file = "tree_sitter_rust-0.21.2-cp38-abi3-manylinux_2_5_x86_64.manylinux1_x86_64.manylinux_2_17_x86_64.manylinux2014_x86_64.whl", hash = "sha256:28c3ee2d21850e5b14289e1d4569b8770983af20f2575d2e2a3e1eeed3fc3c4c"},
    {file = "tree_sitter_rust-0.21.2-cp38-abi3-musllinux_1_1_aarch64.whl", hash = "sha256:ed32387af91b37c6e592a34d4eb9fc935231a3ba8ba1ef52547c48fa0d20e249"},
    {file = "tree_sitter_rust-0.21.2-cp38-abi3-musllinux_1_1_x86_64.whl", hash = "sha256:efd0f28f3da2a3341c0a2dd15410319b6d553b0b3900471a14c781d0833bd8eb"},
    {file = "tree_sitter_rust-0.21.2-cp38-abi3-win_amd64.whl", hash = "sha256:2637441981531ab72b580fb567b0c65a61e59de337f2d5a02347269266ab9913"},
]
